// !$*UTF8*$!
{
	archiveVersion = 1;
	classes = {
	};
	objectVersion = 56;
	objects = {

/* Begin PBXBuildFile section */
		6F512A7C2BCDFB5B00E9A71E /* AppDelegate.swift in Sources */ = {isa = PBXBuildFile; fileRef = 6F512A7B2BCDFB5B00E9A71E /* AppDelegate.swift */; };
		6F512A7E2BCDFB5B00E9A71E /* GameScene.sks in Resources */ = {isa = PBXBuildFile; fileRef = 6F512A7D2BCDFB5B00E9A71E /* GameScene.sks */; };
		6F512A822BCDFB5B00E9A71E /* GameScene.swift in Sources */ = {isa = PBXBuildFile; fileRef = 6F512A812BCDFB5B00E9A71E /* GameScene.swift */; };
		6F512A842BCDFB5B00E9A71E /* GameViewController.swift in Sources */ = {isa = PBXBuildFile; fileRef = 6F512A832BCDFB5B00E9A71E /* GameViewController.swift */; };
		6F512A872BCDFB5B00E9A71E /* Main.storyboard in Resources */ = {isa = PBXBuildFile; fileRef = 6F512A852BCDFB5B00E9A71E /* Main.storyboard */; };
		6F512A892BCDFB5E00E9A71E /* Assets.xcassets in Resources */ = {isa = PBXBuildFile; fileRef = 6F512A882BCDFB5E00E9A71E /* Assets.xcassets */; };
		6F512A8C2BCDFB5E00E9A71E /* LaunchScreen.storyboard in Resources */ = {isa = PBXBuildFile; fileRef = 6F512A8A2BCDFB5E00E9A71E /* LaunchScreen.storyboard */; };
		6F512A9E2BCDFD9400E9A71E /* whack.caf in Resources */ = {isa = PBXBuildFile; fileRef = 6F512A932BCDFD9300E9A71E /* whack.caf */; };
		6F512A9F2BCDFD9400E9A71E /* sliceHitEnemy.sks in Resources */ = {isa = PBXBuildFile; fileRef = 6F512A942BCDFD9300E9A71E /* sliceHitEnemy.sks */; };
		6F512AA02BCDFD9400E9A71E /* explosion.caf in Resources */ = {isa = PBXBuildFile; fileRef = 6F512A952BCDFD9300E9A71E /* explosion.caf */; };
		6F512AA12BCDFD9400E9A71E /* sliceBombFuse.caf in Resources */ = {isa = PBXBuildFile; fileRef = 6F512A962BCDFD9300E9A71E /* sliceBombFuse.caf */; };
		6F512AA22BCDFD9400E9A71E /* wrong.caf in Resources */ = {isa = PBXBuildFile; fileRef = 6F512A972BCDFD9300E9A71E /* wrong.caf */; };
		6F512AA32BCDFD9400E9A71E /* launch.caf in Resources */ = {isa = PBXBuildFile; fileRef = 6F512A982BCDFD9300E9A71E /* launch.caf */; };
		6F512AA42BCDFD9400E9A71E /* sliceHitBomb.sks in Resources */ = {isa = PBXBuildFile; fileRef = 6F512A992BCDFD9400E9A71E /* sliceHitBomb.sks */; };
		6F512AA52BCDFD9400E9A71E /* swoosh3.caf in Resources */ = {isa = PBXBuildFile; fileRef = 6F512A9A2BCDFD9400E9A71E /* swoosh3.caf */; };
		6F512AA62BCDFD9400E9A71E /* sliceFuse.sks in Resources */ = {isa = PBXBuildFile; fileRef = 6F512A9B2BCDFD9400E9A71E /* sliceFuse.sks */; };
		6F512AA72BCDFD9400E9A71E /* swoosh2.caf in Resources */ = {isa = PBXBuildFile; fileRef = 6F512A9C2BCDFD9400E9A71E /* swoosh2.caf */; };
		6F512AA82BCDFD9400E9A71E /* swoosh1.caf in Resources */ = {isa = PBXBuildFile; fileRef = 6F512A9D2BCDFD9400E9A71E /* swoosh1.caf */; };
/* End PBXBuildFile section */

/* Begin PBXFileReference section */
		6F512A782BCDFB5B00E9A71E /* Project23.app */ = {isa = PBXFileReference; explicitFileType = wrapper.application; includeInIndex = 0; path = Project23.app; sourceTree = BUILT_PRODUCTS_DIR; };
		6F512A7B2BCDFB5B00E9A71E /* AppDelegate.swift */ = {isa = PBXFileReference; lastKnownFileType = sourcecode.swift; path = AppDelegate.swift; sourceTree = "<group>"; };
		6F512A7D2BCDFB5B00E9A71E /* GameScene.sks */ = {isa = PBXFileReference; lastKnownFileType = file.sks; path = GameScene.sks; sourceTree = "<group>"; };
		6F512A812BCDFB5B00E9A71E /* GameScene.swift */ = {isa = PBXFileReference; lastKnownFileType = sourcecode.swift; path = GameScene.swift; sourceTree = "<group>"; };
		6F512A832BCDFB5B00E9A71E /* GameViewController.swift */ = {isa = PBXFileReference; lastKnownFileType = sourcecode.swift; path = GameViewController.swift; sourceTree = "<group>"; };
		6F512A862BCDFB5B00E9A71E /* Base */ = {isa = PBXFileReference; lastKnownFileType = file.storyboard; name = Base; path = Base.lproj/Main.storyboard; sourceTree = "<group>"; };
		6F512A882BCDFB5E00E9A71E /* Assets.xcassets */ = {isa = PBXFileReference; lastKnownFileType = folder.assetcatalog; path = Assets.xcassets; sourceTree = "<group>"; };
		6F512A8B2BCDFB5E00E9A71E /* Base */ = {isa = PBXFileReference; lastKnownFileType = file.storyboard; name = Base; path = Base.lproj/LaunchScreen.storyboard; sourceTree = "<group>"; };
		6F512A932BCDFD9300E9A71E /* whack.caf */ = {isa = PBXFileReference; lastKnownFileType = file; path = whack.caf; sourceTree = "<group>"; };
		6F512A942BCDFD9300E9A71E /* sliceHitEnemy.sks */ = {isa = PBXFileReference; lastKnownFileType = file.sks; path = sliceHitEnemy.sks; sourceTree = "<group>"; };
		6F512A952BCDFD9300E9A71E /* explosion.caf */ = {isa = PBXFileReference; lastKnownFileType = file; path = explosion.caf; sourceTree = "<group>"; };
		6F512A962BCDFD9300E9A71E /* sliceBombFuse.caf */ = {isa = PBXFileReference; lastKnownFileType = file; path = sliceBombFuse.caf; sourceTree = "<group>"; };
		6F512A972BCDFD9300E9A71E /* wrong.caf */ = {isa = PBXFileReference; lastKnownFileType = file; path = wrong.caf; sourceTree = "<group>"; };
		6F512A982BCDFD9300E9A71E /* launch.caf */ = {isa = PBXFileReference; lastKnownFileType = file; path = launch.caf; sourceTree = "<group>"; };
		6F512A992BCDFD9400E9A71E /* sliceHitBomb.sks */ = {isa = PBXFileReference; lastKnownFileType = file.sks; path = sliceHitBomb.sks; sourceTree = "<group>"; };
		6F512A9A2BCDFD9400E9A71E /* swoosh3.caf */ = {isa = PBXFileReference; lastKnownFileType = file; path = swoosh3.caf; sourceTree = "<group>"; };
		6F512A9B2BCDFD9400E9A71E /* sliceFuse.sks */ = {isa = PBXFileReference; lastKnownFileType = file.sks; path = sliceFuse.sks; sourceTree = "<group>"; };
		6F512A9C2BCDFD9400E9A71E /* swoosh2.caf */ = {isa = PBXFileReference; lastKnownFileType = file; path = swoosh2.caf; sourceTree = "<group>"; };
		6F512A9D2BCDFD9400E9A71E /* swoosh1.caf */ = {isa = PBXFileReference; lastKnownFileType = file; path = swoosh1.caf; sourceTree = "<group>"; };
/* End PBXFileReference section */

/* Begin PBXFrameworksBuildPhase section */
		6F512A752BCDFB5B00E9A71E /* Frameworks */ = {
			isa = PBXFrameworksBuildPhase;
			buildActionMask = 2147483647;
			files = (
			);
			runOnlyForDeploymentPostprocessing = 0;
		};
/* End PBXFrameworksBuildPhase section */

/* Begin PBXGroup section */
		6F512A6F2BCDFB5B00E9A71E = {
			isa = PBXGroup;
			children = (
				6F512A7A2BCDFB5B00E9A71E /* Project23 */,
				6F512A792BCDFB5B00E9A71E /* Products */,
			);
			sourceTree = "<group>";
		};
		6F512A792BCDFB5B00E9A71E /* Products */ = {
			isa = PBXGroup;
			children = (
				6F512A782BCDFB5B00E9A71E /* Project23.app */,
			);
			name = Products;
			sourceTree = "<group>";
		};
		6F512A7A2BCDFB5B00E9A71E /* Project23 */ = {
			isa = PBXGroup;
			children = (
				6F512A7B2BCDFB5B00E9A71E /* AppDelegate.swift */,
				6F512A7D2BCDFB5B00E9A71E /* GameScene.sks */,
				6F512A812BCDFB5B00E9A71E /* GameScene.swift */,
				6F512A832BCDFB5B00E9A71E /* GameViewController.swift */,
				6F512A852BCDFB5B00E9A71E /* Main.storyboard */,
				6F512A882BCDFB5E00E9A71E /* Assets.xcassets */,
				6F512A8A2BCDFB5E00E9A71E /* LaunchScreen.storyboard */,
				6F512A922BCDFD6400E9A71E /* ExtraFiles */,
			);
			path = Project23;
			sourceTree = "<group>";
		};
		6F512A922BCDFD6400E9A71E /* ExtraFiles */ = {
			isa = PBXGroup;
			children = (
				6F512A952BCDFD9300E9A71E /* explosion.caf */,
				6F512A982BCDFD9300E9A71E /* launch.caf */,
				6F512A962BCDFD9300E9A71E /* sliceBombFuse.caf */,
				6F512A9B2BCDFD9400E9A71E /* sliceFuse.sks */,
				6F512A992BCDFD9400E9A71E /* sliceHitBomb.sks */,
				6F512A942BCDFD9300E9A71E /* sliceHitEnemy.sks */,
				6F512A9D2BCDFD9400E9A71E /* swoosh1.caf */,
				6F512A9C2BCDFD9400E9A71E /* swoosh2.caf */,
				6F512A9A2BCDFD9400E9A71E /* swoosh3.caf */,
				6F512A932BCDFD9300E9A71E /* whack.caf */,
				6F512A972BCDFD9300E9A71E /* wrong.caf */,
			);
			path = ExtraFiles;
			sourceTree = "<group>";
		};
/* End PBXGroup section */

/* Begin PBXNativeTarget section */
		6F512A772BCDFB5B00E9A71E /* Project23 */ = {
			isa = PBXNativeTarget;
			buildConfigurationList = 6F512A8F2BCDFB5E00E9A71E /* Build configuration list for PBXNativeTarget "Project23" */;
			buildPhases = (
				6F512A742BCDFB5B00E9A71E /* Sources */,
				6F512A752BCDFB5B00E9A71E /* Frameworks */,
				6F512A762BCDFB5B00E9A71E /* Resources */,
			);
			buildRules = (
			);
			dependencies = (
			);
			name = Project23;
			productName = Project23;
			productReference = 6F512A782BCDFB5B00E9A71E /* Project23.app */;
			productType = "com.apple.product-type.application";
		};
/* End PBXNativeTarget section */

/* Begin PBXProject section */
		6F512A702BCDFB5B00E9A71E /* Project object */ = {
			isa = PBXProject;
			attributes = {
				BuildIndependentTargetsInParallel = 1;
				LastSwiftUpdateCheck = 1500;
				LastUpgradeCheck = 1500;
				TargetAttributes = {
					6F512A772BCDFB5B00E9A71E = {
						CreatedOnToolsVersion = 15.0.1;
					};
				};
			};
			buildConfigurationList = 6F512A732BCDFB5B00E9A71E /* Build configuration list for PBXProject "Project23" */;
			compatibilityVersion = "Xcode 14.0";
			developmentRegion = en;
			hasScannedForEncodings = 0;
			knownRegions = (
				en,
				Base,
			);
			mainGroup = 6F512A6F2BCDFB5B00E9A71E;
			productRefGroup = 6F512A792BCDFB5B00E9A71E /* Products */;
			projectDirPath = "";
			projectRoot = "";
			targets = (
				6F512A772BCDFB5B00E9A71E /* Project23 */,
			);
		};
/* End PBXProject section */

/* Begin PBXResourcesBuildPhase section */
		6F512A762BCDFB5B00E9A71E /* Resources */ = {
			isa = PBXResourcesBuildPhase;
			buildActionMask = 2147483647;
			files = (
				6F512A872BCDFB5B00E9A71E /* Main.storyboard in Resources */,
				6F512AA32BCDFD9400E9A71E /* launch.caf in Resources */,
				6F512AA02BCDFD9400E9A71E /* explosion.caf in Resources */,
				6F512A9E2BCDFD9400E9A71E /* whack.caf in Resources */,
				6F512AA42BCDFD9400E9A71E /* sliceHitBomb.sks in Resources */,
				6F512AA52BCDFD9400E9A71E /* swoosh3.caf in Resources */,
				6F512A7E2BCDFB5B00E9A71E /* GameScene.sks in Resources */,
				6F512AA22BCDFD9400E9A71E /* wrong.caf in Resources */,
				6F512AA12BCDFD9400E9A71E /* sliceBombFuse.caf in Resources */,
				6F512A9F2BCDFD9400E9A71E /* sliceHitEnemy.sks in Resources */,
				6F512AA72BCDFD9400E9A71E /* swoosh2.caf in Resources */,
				6F512AA82BCDFD9400E9A71E /* swoosh1.caf in Resources */,
				6F512A892BCDFB5E00E9A71E /* Assets.xcassets in Resources */,
				6F512AA62BCDFD9400E9A71E /* sliceFuse.sks in Resources */,
				6F512A8C2BCDFB5E00E9A71E /* LaunchScreen.storyboard in Resources */,
			);
			runOnlyForDeploymentPostprocessing = 0;
		};
/* End PBXResourcesBuildPhase section */

/* Begin PBXSourcesBuildPhase section */
		6F512A742BCDFB5B00E9A71E /* Sources */ = {
			isa = PBXSourcesBuildPhase;
			buildActionMask = 2147483647;
			files = (
				6F512A822BCDFB5B00E9A71E /* GameScene.swift in Sources */,
				6F512A842BCDFB5B00E9A71E /* GameViewController.swift in Sources */,
				6F512A7C2BCDFB5B00E9A71E /* AppDelegate.swift in Sources */,
			);
			runOnlyForDeploymentPostprocessing = 0;
		};
/* End PBXSourcesBuildPhase section */

/* Begin PBXVariantGroup section */
		6F512A852BCDFB5B00E9A71E /* Main.storyboard */ = {
			isa = PBXVariantGroup;
			children = (
				6F512A862BCDFB5B00E9A71E /* Base */,
			);
			name = Main.storyboard;
			sourceTree = "<group>";
		};
		6F512A8A2BCDFB5E00E9A71E /* LaunchScreen.storyboard */ = {
			isa = PBXVariantGroup;
			children = (
				6F512A8B2BCDFB5E00E9A71E /* Base */,
			);
			name = LaunchScreen.storyboard;
			sourceTree = "<group>";
		};
/* End PBXVariantGroup section */

/* Begin XCBuildConfiguration section */
		6F512A8D2BCDFB5E00E9A71E /* Debug */ = {
			isa = XCBuildConfiguration;
			buildSettings = {
				ALWAYS_SEARCH_USER_PATHS = NO;
				ASSETCATALOG_COMPILER_GENERATE_SWIFT_ASSET_SYMBOL_EXTENSIONS = YES;
				CLANG_ANALYZER_NONNULL = YES;
				CLANG_ANALYZER_NUMBER_OBJECT_CONVERSION = YES_AGGRESSIVE;
				CLANG_CXX_LANGUAGE_STANDARD = "gnu++20";
				CLANG_ENABLE_MODULES = YES;
				CLANG_ENABLE_OBJC_ARC = YES;
				CLANG_ENABLE_OBJC_WEAK = YES;
				CLANG_WARN_BLOCK_CAPTURE_AUTORELEASING = YES;
				CLANG_WARN_BOOL_CONVERSION = YES;
				CLANG_WARN_COMMA = YES;
				CLANG_WARN_CONSTANT_CONVERSION = YES;
				CLANG_WARN_DEPRECATED_OBJC_IMPLEMENTATIONS = YES;
				CLANG_WARN_DIRECT_OBJC_ISA_USAGE = YES_ERROR;
				CLANG_WARN_DOCUMENTATION_COMMENTS = YES;
				CLANG_WARN_EMPTY_BODY = YES;
				CLANG_WARN_ENUM_CONVERSION = YES;
				CLANG_WARN_INFINITE_RECURSION = YES;
				CLANG_WARN_INT_CONVERSION = YES;
				CLANG_WARN_NON_LITERAL_NULL_CONVERSION = YES;
				CLANG_WARN_OBJC_IMPLICIT_RETAIN_SELF = YES;
				CLANG_WARN_OBJC_LITERAL_CONVERSION = YES;
				CLANG_WARN_OBJC_ROOT_CLASS = YES_ERROR;
				CLANG_WARN_QUOTED_INCLUDE_IN_FRAMEWORK_HEADER = YES;
				CLANG_WARN_RANGE_LOOP_ANALYSIS = YES;
				CLANG_WARN_STRICT_PROTOTYPES = YES;
				CLANG_WARN_SUSPICIOUS_MOVE = YES;
				CLANG_WARN_UNGUARDED_AVAILABILITY = YES_AGGRESSIVE;
				CLANG_WARN_UNREACHABLE_CODE = YES;
				CLANG_WARN__DUPLICATE_METHOD_MATCH = YES;
				COPY_PHASE_STRIP = NO;
				DEBUG_INFORMATION_FORMAT = dwarf;
				ENABLE_STRICT_OBJC_MSGSEND = YES;
				ENABLE_TESTABILITY = YES;
				ENABLE_USER_SCRIPT_SANDBOXING = YES;
				GCC_C_LANGUAGE_STANDARD = gnu17;
				GCC_DYNAMIC_NO_PIC = NO;
				GCC_NO_COMMON_BLOCKS = YES;
				GCC_OPTIMIZATION_LEVEL = 0;
				GCC_PREPROCESSOR_DEFINITIONS = (
					"DEBUG=1",
					"$(inherited)",
				);
				GCC_WARN_64_TO_32_BIT_CONVERSION = YES;
				GCC_WARN_ABOUT_RETURN_TYPE = YES_ERROR;
				GCC_WARN_UNDECLARED_SELECTOR = YES;
				GCC_WARN_UNINITIALIZED_AUTOS = YES_AGGRESSIVE;
				GCC_WARN_UNUSED_FUNCTION = YES;
				GCC_WARN_UNUSED_VARIABLE = YES;
				IPHONEOS_DEPLOYMENT_TARGET = 17.0;
				LOCALIZATION_PREFERS_STRING_CATALOGS = YES;
				MTL_ENABLE_DEBUG_INFO = INCLUDE_SOURCE;
				MTL_FAST_MATH = YES;
				ONLY_ACTIVE_ARCH = YES;
				SDKROOT = iphoneos;
				SWIFT_ACTIVE_COMPILATION_CONDITIONS = "DEBUG $(inherited)";
				SWIFT_OPTIMIZATION_LEVEL = "-Onone";
			};
			name = Debug;
		};
		6F512A8E2BCDFB5E00E9A71E /* Release */ = {
			isa = XCBuildConfiguration;
			buildSettings = {
				ALWAYS_SEARCH_USER_PATHS = NO;
				ASSETCATALOG_COMPILER_GENERATE_SWIFT_ASSET_SYMBOL_EXTENSIONS = YES;
				CLANG_ANALYZER_NONNULL = YES;
				CLANG_ANALYZER_NUMBER_OBJECT_CONVERSION = YES_AGGRESSIVE;
				CLANG_CXX_LANGUAGE_STANDARD = "gnu++20";
				CLANG_ENABLE_MODULES = YES;
				CLANG_ENABLE_OBJC_ARC = YES;
				CLANG_ENABLE_OBJC_WEAK = YES;
				CLANG_WARN_BLOCK_CAPTURE_AUTORELEASING = YES;
				CLANG_WARN_BOOL_CONVERSION = YES;
				CLANG_WARN_COMMA = YES;
				CLANG_WARN_CONSTANT_CONVERSION = YES;
				CLANG_WARN_DEPRECATED_OBJC_IMPLEMENTATIONS = YES;
				CLANG_WARN_DIRECT_OBJC_ISA_USAGE = YES_ERROR;
				CLANG_WARN_DOCUMENTATION_COMMENTS = YES;
				CLANG_WARN_EMPTY_BODY = YES;
				CLANG_WARN_ENUM_CONVERSION = YES;
				CLANG_WARN_INFINITE_RECURSION = YES;
				CLANG_WARN_INT_CONVERSION = YES;
				CLANG_WARN_NON_LITERAL_NULL_CONVERSION = YES;
				CLANG_WARN_OBJC_IMPLICIT_RETAIN_SELF = YES;
				CLANG_WARN_OBJC_LITERAL_CONVERSION = YES;
				CLANG_WARN_OBJC_ROOT_CLASS = YES_ERROR;
				CLANG_WARN_QUOTED_INCLUDE_IN_FRAMEWORK_HEADER = YES;
				CLANG_WARN_RANGE_LOOP_ANALYSIS = YES;
				CLANG_WARN_STRICT_PROTOTYPES = YES;
				CLANG_WARN_SUSPICIOUS_MOVE = YES;
				CLANG_WARN_UNGUARDED_AVAILABILITY = YES_AGGRESSIVE;
				CLANG_WARN_UNREACHABLE_CODE = YES;
				CLANG_WARN__DUPLICATE_METHOD_MATCH = YES;
				COPY_PHASE_STRIP = NO;
				DEBUG_INFORMATION_FORMAT = "dwarf-with-dsym";
				ENABLE_NS_ASSERTIONS = NO;
				ENABLE_STRICT_OBJC_MSGSEND = YES;
				ENABLE_USER_SCRIPT_SANDBOXING = YES;
				GCC_C_LANGUAGE_STANDARD = gnu17;
				GCC_NO_COMMON_BLOCKS = YES;
				GCC_WARN_64_TO_32_BIT_CONVERSION = YES;
				GCC_WARN_ABOUT_RETURN_TYPE = YES_ERROR;
				GCC_WARN_UNDECLARED_SELECTOR = YES;
				GCC_WARN_UNINITIALIZED_AUTOS = YES_AGGRESSIVE;
				GCC_WARN_UNUSED_FUNCTION = YES;
				GCC_WARN_UNUSED_VARIABLE = YES;
				IPHONEOS_DEPLOYMENT_TARGET = 17.0;
				LOCALIZATION_PREFERS_STRING_CATALOGS = YES;
				MTL_ENABLE_DEBUG_INFO = NO;
				MTL_FAST_MATH = YES;
				SDKROOT = iphoneos;
				SWIFT_COMPILATION_MODE = wholemodule;
				VALIDATE_PRODUCT = YES;
			};
			name = Release;
		};
		6F512A902BCDFB5E00E9A71E /* Debug */ = {
			isa = XCBuildConfiguration;
			buildSettings = {
				ASSETCATALOG_COMPILER_APPICON_NAME = AppIcon;
				ASSETCATALOG_COMPILER_GLOBAL_ACCENT_COLOR_NAME = AccentColor;
				CODE_SIGN_STYLE = Automatic;
				CURRENT_PROJECT_VERSION = 1;
				DEVELOPMENT_TEAM = 2YFGGK8KGN;
				GENERATE_INFOPLIST_FILE = YES;
				INFOPLIST_KEY_UIApplicationSupportsIndirectInputEvents = YES;
				INFOPLIST_KEY_UILaunchStoryboardName = LaunchScreen;
				INFOPLIST_KEY_UIMainStoryboardFile = Main;
				INFOPLIST_KEY_UIStatusBarHidden = YES;
				INFOPLIST_KEY_UISupportedInterfaceOrientations = "UIInterfaceOrientationLandscapeLeft UIInterfaceOrientationLandscapeRight UIInterfaceOrientationPortrait";
				INFOPLIST_KEY_UISupportedInterfaceOrientations_iPad = "UIInterfaceOrientationLandscapeLeft UIInterfaceOrientationLandscapeRight";
				LD_RUNPATH_SEARCH_PATHS = (
					"$(inherited)",
					"@executable_path/Frameworks",
				);
				MARKETING_VERSION = 1.0;
				PRODUCT_BUNDLE_IDENTIFIER = com.gadget.hackingSwift.Project23;
				PRODUCT_NAME = "$(TARGET_NAME)";
				SUPPORTED_PLATFORMS = "iphoneos iphonesimulator";
				SUPPORTS_MACCATALYST = NO;
				SWIFT_EMIT_LOC_STRINGS = YES;
				SWIFT_VERSION = 5.0;
				TARGETED_DEVICE_FAMILY = 2;
			};
			name = Debug;
		};
		6F512A912BCDFB5E00E9A71E /* Release */ = {
			isa = XCBuildConfiguration;
			buildSettings = {
				ASSETCATALOG_COMPILER_APPICON_NAME = AppIcon;
				ASSETCATALOG_COMPILER_GLOBAL_ACCENT_COLOR_NAME = AccentColor;
				CODE_SIGN_STYLE = Automatic;
				CURRENT_PROJECT_VERSION = 1;
				DEVELOPMENT_TEAM = 2YFGGK8KGN;
				GENERATE_INFOPLIST_FILE = YES;
				INFOPLIST_KEY_UIApplicationSupportsIndirectInputEvents = YES;
				INFOPLIST_KEY_UILaunchStoryboardName = LaunchScreen;
				INFOPLIST_KEY_UIMainStoryboardFile = Main;
				INFOPLIST_KEY_UIStatusBarHidden = YES;
				INFOPLIST_KEY_UISupportedInterfaceOrientations = "UIInterfaceOrientationLandscapeLeft UIInterfaceOrientationLandscapeRight UIInterfaceOrientationPortrait";
				INFOPLIST_KEY_UISupportedInterfaceOrientations_iPad = "UIInterfaceOrientationLandscapeLeft UIInterfaceOrientationLandscapeRight";
				LD_RUNPATH_SEARCH_PATHS = (
					"$(inherited)",
					"@executable_path/Frameworks",
				);
				MARKETING_VERSION = 1.0;
				PRODUCT_BUNDLE_IDENTIFIER = com.gadget.hackingSwift.Project23;
				PRODUCT_NAME = "$(TARGET_NAME)";
				SUPPORTED_PLATFORMS = "iphoneos iphonesimulator";
				SUPPORTS_MACCATALYST = NO;
				SWIFT_EMIT_LOC_STRINGS = YES;
				SWIFT_VERSION = 5.0;
				TARGETED_DEVICE_FAMILY = 2;
			};
			name = Release;
		};
/* End XCBuildConfiguration section */

/* Begin XCConfigurationList section */
		6F512A732BCDFB5B00E9A71E /* Build configuration list for PBXProject "Project23" */ = {
			isa = XCConfigurationList;
			buildConfigurations = (
				6F512A8D2BCDFB5E00E9A71E /* Debug */,
				6F512A8E2BCDFB5E00E9A71E /* Release */,
			);
			defaultConfigurationIsVisible = 0;
			defaultConfigurationName = Release;
		};
		6F512A8F2BCDFB5E00E9A71E /* Build configuration list for PBXNativeTarget "Project23" */ = {
			isa = XCConfigurationList;
			buildConfigurations = (
				6F512A902BCDFB5E00E9A71E /* Debug */,
				6F512A912BCDFB5E00E9A71E /* Release */,
			);
			defaultConfigurationIsVisible = 0;
			defaultConfigurationName = Release;
		};
/* End XCConfigurationList section */
	};
	rootObject = 6F512A702BCDFB5B00E9A71E /* Project object */;
}
